
Microsoft Visual Studio Solution File, Format Version 12.00
# Visual Studio Version 16
VisualStudioVersion = 16.0.30309.148
MinimumVisualStudioVersion = 10.0.40219.1
Project("{2150E333-8FDC-42A3-9474-1A3956D46DE8}") = "Framework", "Framework", "{0542998C-1FD6-4C1D-94E5-E85527BC7B6E}"
EndProject
Project("{2150E333-8FDC-42A3-9474-1A3956D46DE8}") = "UnitTests", "UnitTests", "{91A0A45C-0FD7-4177-A88A-F036AB5AFA42}"
EndProject
Project("{2150E333-8FDC-42A3-9474-1A3956D46DE8}") = "VGP242", "VGP242", "{9A8238AC-EDE1-4975-A3B4-518283728220}"
EndProject
Project("{2150E333-8FDC-42A3-9474-1A3956D46DE8}") = "Assets", "Assets", "{CA5548F2-64BC-4597-8C8A-FA3BC2F4C968}"
EndProject
Project("{2150E333-8FDC-42A3-9474-1A3956D46DE8}") = "Shaders", "Shaders", "{8ADFFCEA-E814-46A9-A4B2-EA83833405AA}"
	ProjectSection(SolutionItems) = preProject
		Assets\Shaders\DepthMap.fx = Assets\Shaders\DepthMap.fx
		Assets\Shaders\DoLighting.fx = Assets\Shaders\DoLighting.fx
		Assets\Shaders\DoNothing.fx = Assets\Shaders\DoNothing.fx
		Assets\Shaders\DoSomething.fx = Assets\Shaders\DoSomething.fx
		Assets\Shaders\DoTransform.fx = Assets\Shaders\DoTransform.fx
		Assets\Shaders\Particle.fx = Assets\Shaders\Particle.fx
		Assets\Shaders\SimpleDraw.fx = Assets\Shaders\SimpleDraw.fx
		Assets\Shaders\Skinning.fx = Assets\Shaders\Skinning.fx
		Assets\Shaders\Standard.fx = Assets\Shaders\Standard.fx
		Assets\Shaders\Terrain.fx = Assets\Shaders\Terrain.fx
		Assets\Shaders\Texturing.fx = Assets\Shaders\Texturing.fx
	EndProjectSection
EndProject
Project("{2150E333-8FDC-42A3-9474-1A3956D46DE8}") = "External", "External", "{0ED66CBB-F8C6-41F1-96D3-C976DFEBCA74}"
EndProject
Project("{8BC9CEB8-8B4A-11D0-8D11-00A0C91BC942}") = "DirectXTK_Desktop_2017", "External\DirectXTK\DirectXTK_Desktop_2017.vcxproj", "{E0B52AE7-E160-4D32-BF3F-910B785E5A8E}"
EndProject
Project("{8BC9CEB8-8B4A-11D0-8D11-00A0C91BC942}") = "DirectXTKAudio_Desktop_2017_Win8", "External\DirectXTK\Audio\DirectXTKAudio_Desktop_2017_Win8.vcxproj", "{4F150A30-CECB-49D1-8283-6A3F57438CF5}"
EndProject
Project("{2150E333-8FDC-42A3-9474-1A3956D46DE8}") = "VGP330", "VGP330", "{B2382040-F447-4F04-B8D3-5CDAE31BFBAE}"
EndProject
Project("{2150E333-8FDC-42A3-9474-1A3956D46DE8}") = "VGP332", "VGP332", "{667C557D-C22F-4F1F-B05A-A834DAE8C298}"
EndProject
Project("{8BC9CEB8-8B4A-11D0-8D11-00A0C91BC942}") = "ImGui", "External\ImGui\ImGui.vcxproj", "{7BBB1E3B-7B8C-4D5C-A875-A8F8872C399A}"
EndProject
Project("{2150E333-8FDC-42A3-9474-1A3956D46DE8}") = "Engine", "Engine", "{3317CDF2-1404-4F36-827E-533319669E84}"
EndProject
Project("{2150E333-8FDC-42A3-9474-1A3956D46DE8}") = "PostProcessing", "PostProcessing", "{DC450781-FB53-4CD1-9740-B30214D41A9A}"
	ProjectSection(SolutionItems) = preProject
		Assets\Shaders\BlurEffect.fx = Assets\Shaders\BlurEffect.fx
		Assets\Shaders\CrtEffect.fx = Assets\Shaders\CrtEffect.fx
		Assets\Shaders\Fragment.fx = Assets\Shaders\Fragment.fx
		Assets\Shaders\PostProcessing.fx = Assets\Shaders\PostProcessing.fx
	EndProjectSection
EndProject
Project("{2150E333-8FDC-42A3-9474-1A3956D46DE8}") = "VGP334", "VGP334", "{C3E27AF0-81B6-498C-A9DD-0D26FF77FFE5}"
EndProject
Project("{2150E333-8FDC-42A3-9474-1A3956D46DE8}") = "Tools", "Tools", "{BBAD0A61-D571-4835-8D22-584A5F862662}"
EndProject
Project("{8BC9CEB8-8B4A-11D0-8D11-00A0C91BC942}") = "Coo", "Engine\Coo\Coo.vcxproj", "{0F0B3E5A-807C-4EE9-B6F3-649931B5435E}"
EndProject
Project("{8BC9CEB8-8B4A-11D0-8D11-00A0C91BC942}") = "AI", "Framework\AI\AI.vcxproj", "{3527D136-AF9F-417E-A0D3-44EE57B530A3}"
EndProject
Project("{8BC9CEB8-8B4A-11D0-8D11-00A0C91BC942}") = "Core", "Framework\Core\Core.vcxproj", "{CDBF59EE-3D7A-4D80-8C5C-F75CFD0F18A6}"
EndProject
Project("{8BC9CEB8-8B4A-11D0-8D11-00A0C91BC942}") = "Graphics", "Framework\Graphics\Graphics.vcxproj", "{16E7B023-A92D-441B-AC89-CBEC6FE6193E}"
EndProject
Project("{8BC9CEB8-8B4A-11D0-8D11-00A0C91BC942}") = "Input", "Framework\Input\Input.vcxproj", "{02DC0CE5-72DF-4F89-8AF2-FF9C0E351A1A}"
EndProject
Project("{8BC9CEB8-8B4A-11D0-8D11-00A0C91BC942}") = "Math", "Framework\Math\Math.vcxproj", "{2F723027-3B40-4053-9D04-007326B82DB7}"
EndProject
Project("{8BC9CEB8-8B4A-11D0-8D11-00A0C91BC942}") = "ModelImporter", "Tools\ModelImporter\ModelImporter.vcxproj", "{10DA9DA5-24F4-4B90-8145-8A5CA5896F61}"
EndProject
Project("{8BC9CEB8-8B4A-11D0-8D11-00A0C91BC942}") = "MathTest", "UnitTests\MathTest\MathTest.vcxproj", "{DFFCDC60-A201-4842-A46D-080BD120C0BB}"
EndProject
Project("{8BC9CEB8-8B4A-11D0-8D11-00A0C91BC942}") = "00_HelloWorld", "VGP242\00_HelloWorld\00_HelloWorld.vcxproj", "{60B36B5E-4398-4C96-8469-106C2A831338}"
EndProject
Project("{8BC9CEB8-8B4A-11D0-8D11-00A0C91BC942}") = "01_HelloWindow", "VGP242\01_HelloWindow\01_HelloWindow.vcxproj", "{EE6888D0-1C51-4835-AABB-D37C452542AD}"
EndProject
Project("{8BC9CEB8-8B4A-11D0-8D11-00A0C91BC942}") = "02_HelloTriangle", "VGP242\02_HelloTriangle\02_HelloTriangle.vcxproj", "{DEE94F32-AC38-41CB-9B27-F78B9DC2773C}"
EndProject
Project("{8BC9CEB8-8B4A-11D0-8D11-00A0C91BC942}") = "03_HelloShapes", "VGP242\03_HelloShapes\03_HelloShapes.vcxproj", "{DAFFF753-3247-4484-88AF-3410501E19D8}"
EndProject
Project("{8BC9CEB8-8B4A-11D0-8D11-00A0C91BC942}") = "04_HelloCube", "VGP242\04_HelloCube\04_HelloCube.vcxproj", "{5592C402-08AD-413F-969B-F1DB79F5829E}"
EndProject
Project("{8BC9CEB8-8B4A-11D0-8D11-00A0C91BC942}") = "04A_HelloCube2", "VGP242\04A_HelloCube2\04A_HelloCube2.vcxproj", "{42E9BE55-76AA-4F18-99F6-48A032BF37F3}"
EndProject
Project("{8BC9CEB8-8B4A-11D0-8D11-00A0C91BC942}") = "04B_HelloCube3", "VGP242\04B_HelloCube3\04B_HelloCube3.vcxproj", "{0B281B5A-0012-4AA6-9B9B-57F5508ADE02}"
EndProject
Project("{8BC9CEB8-8B4A-11D0-8D11-00A0C91BC942}") = "05_HelloTextureMapping", "VGP242\05_HelloTextureMapping\05_HelloTextureMapping.vcxproj", "{1B699221-56B8-478A-A471-2A3BCEA88A8A}"
EndProject
Project("{8BC9CEB8-8B4A-11D0-8D11-00A0C91BC942}") = "06_HelloPlanets", "VGP242\06_HelloPlanets\06_HelloPlanets.vcxproj", "{0FFCA675-6B1D-4C7F-A866-AC1B6CA116E0}"
EndProject
Project("{8BC9CEB8-8B4A-11D0-8D11-00A0C91BC942}") = "07_HelloSimpleDraw", "VGP330\07_HelloSimpleDraw\07_HelloSimpleDraw.vcxproj", "{75234C4D-728E-470F-88D2-58139F3039AE}"
EndProject
Project("{8BC9CEB8-8B4A-11D0-8D11-00A0C91BC942}") = "08_HelloImgui", "VGP330\08_HelloImgui\08_HelloImgui.vcxproj", "{40ABC4C4-3DFE-43B1-999A-699AF7A41AD6}"
EndProject
Project("{8BC9CEB8-8B4A-11D0-8D11-00A0C91BC942}") = "09_HelloSprite", "VGP330\09_HelloSprite\09_HelloSprite.vcxproj", "{56A7A5E0-3047-46DB-BD11-F1748B155C7D}"
EndProject
Project("{8BC9CEB8-8B4A-11D0-8D11-00A0C91BC942}") = "10_HelloLighting", "VGP330\10_HelloLighting\10_HelloLighting.vcxproj", "{1F07E08B-3D80-4DBE-AC63-BEFDF0539EB6}"
EndProject
Project("{8BC9CEB8-8B4A-11D0-8D11-00A0C91BC942}") = "11_HelloPostProcessing", "VGP330\11_HelloPostProcessing\11_HelloPostProcessing.vcxproj", "{132EC298-0798-4085-A3BC-AD6F535BE64E}"
EndProject
Project("{8BC9CEB8-8B4A-11D0-8D11-00A0C91BC942}") = "12_HelloParticle", "VGP330\12_HelloParticle\12_HelloParticle.vcxproj", "{BEE54214-C78E-41DB-94A8-CD62CD9C8F02}"
EndProject
Project("{8BC9CEB8-8B4A-11D0-8D11-00A0C91BC942}") = "01_HelloPathFindingApp", "VGP332\01_HelloPathFindingApp\01_HelloPathFindingApp.vcxproj", "{49D7E7E3-3E12-43AE-A695-07D8871C864D}"
EndProject
Project("{8BC9CEB8-8B4A-11D0-8D11-00A0C91BC942}") = "02_HelloFSM", "VGP332\02_HelloFSM\02_HelloFSM.vcxproj", "{FE33C521-B5E6-45A5-8777-585CD167B654}"
EndProject
Project("{8BC9CEB8-8B4A-11D0-8D11-00A0C91BC942}") = "02_HelloFSMSample", "VGP332\02_HelloFSMSample\02_HelloFSMSample.vcxproj", "{F89BFC1F-B47D-4F62-9356-F3392E1F06BE}"
EndProject
Project("{8BC9CEB8-8B4A-11D0-8D11-00A0C91BC942}") = "03_HelloSteering", "VGP332\03_HelloSteering\03_HelloSteering.vcxproj", "{CF09D5A4-24E8-4E43-A629-3FB8A1385C80}"
EndProject
Project("{8BC9CEB8-8B4A-11D0-8D11-00A0C91BC942}") = "04_HelloPerception", "VGP332\04_HelloPerception\04_HelloPerception.vcxproj", "{AB7C682D-D6FC-4694-89C7-5A8DB7C1BDFF}"
EndProject
Project("{8BC9CEB8-8B4A-11D0-8D11-00A0C91BC942}") = "05_HelloFinal", "VGP332\05_HelloFinal\05_HelloFinal.vcxproj", "{9D6B5BEA-5AA9-4C94-A8D9-A9DEF9B9F3BD}"
EndProject
Project("{8BC9CEB8-8B4A-11D0-8D11-00A0C91BC942}") = "13_HelloModel", "VGP334\13_HelloModel\13_HelloModel.vcxproj", "{A71B7B7B-22D5-4E8B-90C4-AB71D96F9AEF}"
EndProject
Project("{8BC9CEB8-8B4A-11D0-8D11-00A0C91BC942}") = "14_HelloAnimation", "VGP334\14_HelloAnimation\14_HelloAnimation.vcxproj", "{AF1B319A-C633-448D-B305-494D79DECA24}"
EndProject
Project("{8BC9CEB8-8B4A-11D0-8D11-00A0C91BC942}") = "15_HelloRoboticArm", "VGP334\15_HelloRoboticArm\15_HelloRoboticArm.vcxproj", "{6000949B-D894-4174-8FB7-CE2E61F9029C}"
EndProject
Project("{8BC9CEB8-8B4A-11D0-8D11-00A0C91BC942}") = "16_HelloTentacle", "VGP334\16_HelloTentacle\16_HelloTentacle.vcxproj", "{BB7F501E-D813-460B-A222-87B75BEDD654}"
EndProject
Project("{8BC9CEB8-8B4A-11D0-8D11-00A0C91BC942}") = "Physics", "Framework\Physics\Physics.vcxproj", "{A999840D-7243-45B8-8C50-395BC5A96429}"
EndProject
Project("{8BC9CEB8-8B4A-11D0-8D11-00A0C91BC942}") = "17_HelloPhysics", "VGP334\17_HelloPhysics\17_HelloPhysics.vcxproj", "{1B7FB12B-2CDD-4334-8F7C-71D949DA1ABB}"
EndProject
Project("{8BC9CEB8-8B4A-11D0-8D11-00A0C91BC942}") = "Network", "Framework\Network\Network.vcxproj", "{81554B70-A5BA-4CDB-8C36-86F434C4DFB3}"
EndProject
Project("{8BC9CEB8-8B4A-11D0-8D11-00A0C91BC942}") = "CoreTest", "UnitTests\CoreTest\CoreTest.vcxproj", "{200A0121-66E5-415E-A3FF-572CB0189435}"
EndProject
Project("{8BC9CEB8-8B4A-11D0-8D11-00A0C91BC942}") = "StreamTest", "UnitTests\StreamTest\StreamTest.vcxproj", "{0F32B805-8199-42A9-8E4C-C3BDF8D12ABE}"
EndProject
Project("{8BC9CEB8-8B4A-11D0-8D11-00A0C91BC942}") = "CooEditor", "Tools\CooEditor\CooEditor.vcxproj", "{A747F6C5-819C-4743-8DF6-E4F10E04CEFA}"
EndProject
Project("{8BC9CEB8-8B4A-11D0-8D11-00A0C91BC942}") = "18_HelloShadowMapping", "VGP334\18_HelloShadowMapping\18_HelloShadowMapping.vcxproj", "{ADB54C2D-4FCD-464C-A07A-D46062149F2B}"
EndProject
Project("{8BC9CEB8-8B4A-11D0-8D11-00A0C91BC942}") = "06_NeuralNetwork", "VGP332\06_NeuralNetwork\06_NeuralNetwork.vcxproj", "{E44A6DEB-78CD-48CE-80AD-95B257B9D543}"
EndProject
Project("{8BC9CEB8-8B4A-11D0-8D11-00A0C91BC942}") = "07_TravellingSalesman", "VGP332\07_TravellingSalesman\07_TravellingSalesman.vcxproj", "{586ACEF9-88EB-4D40-BC2C-4E36C537FD6C}"
EndProject
Project("{8BC9CEB8-8B4A-11D0-8D11-00A0C91BC942}") = "08_NEAT", "VGP332\08_NEAT\08_NEAT.vcxproj", "{D77DEBE1-8381-4FB4-9D8A-692EA07954ED}"
EndProject
Global
	GlobalSection(SolutionConfigurationPlatforms) = preSolution
		Debug|x64 = Debug|x64
		Debug|x86 = Debug|x86
		Release|x64 = Release|x64
		Release|x86 = Release|x86
	EndGlobalSection
	GlobalSection(ProjectConfigurationPlatforms) = postSolution
		{E0B52AE7-E160-4D32-BF3F-910B785E5A8E}.Debug|x64.ActiveCfg = Debug|x64
		{E0B52AE7-E160-4D32-BF3F-910B785E5A8E}.Debug|x64.Build.0 = Debug|x64
		{E0B52AE7-E160-4D32-BF3F-910B785E5A8E}.Debug|x86.ActiveCfg = Debug|Win32
		{E0B52AE7-E160-4D32-BF3F-910B785E5A8E}.Debug|x86.Build.0 = Debug|Win32
		{E0B52AE7-E160-4D32-BF3F-910B785E5A8E}.Release|x64.ActiveCfg = Release|x64
		{E0B52AE7-E160-4D32-BF3F-910B785E5A8E}.Release|x64.Build.0 = Release|x64
		{E0B52AE7-E160-4D32-BF3F-910B785E5A8E}.Release|x86.ActiveCfg = Release|Win32
		{E0B52AE7-E160-4D32-BF3F-910B785E5A8E}.Release|x86.Build.0 = Release|Win32
		{4F150A30-CECB-49D1-8283-6A3F57438CF5}.Debug|x64.ActiveCfg = Debug|x64
		{4F150A30-CECB-49D1-8283-6A3F57438CF5}.Debug|x64.Build.0 = Debug|x64
		{4F150A30-CECB-49D1-8283-6A3F57438CF5}.Debug|x86.ActiveCfg = Debug|Win32
		{4F150A30-CECB-49D1-8283-6A3F57438CF5}.Debug|x86.Build.0 = Debug|Win32
		{4F150A30-CECB-49D1-8283-6A3F57438CF5}.Release|x64.ActiveCfg = Release|x64
		{4F150A30-CECB-49D1-8283-6A3F57438CF5}.Release|x64.Build.0 = Release|x64
		{4F150A30-CECB-49D1-8283-6A3F57438CF5}.Release|x86.ActiveCfg = Release|Win32
		{4F150A30-CECB-49D1-8283-6A3F57438CF5}.Release|x86.Build.0 = Release|Win32
		{7BBB1E3B-7B8C-4D5C-A875-A8F8872C399A}.Debug|x64.ActiveCfg = Debug|x64
		{7BBB1E3B-7B8C-4D5C-A875-A8F8872C399A}.Debug|x64.Build.0 = Debug|x64
		{7BBB1E3B-7B8C-4D5C-A875-A8F8872C399A}.Debug|x86.ActiveCfg = Debug|Win32
		{7BBB1E3B-7B8C-4D5C-A875-A8F8872C399A}.Debug|x86.Build.0 = Debug|Win32
		{7BBB1E3B-7B8C-4D5C-A875-A8F8872C399A}.Release|x64.ActiveCfg = Release|x64
		{7BBB1E3B-7B8C-4D5C-A875-A8F8872C399A}.Release|x64.Build.0 = Release|x64
		{7BBB1E3B-7B8C-4D5C-A875-A8F8872C399A}.Release|x86.ActiveCfg = Release|Win32
		{7BBB1E3B-7B8C-4D5C-A875-A8F8872C399A}.Release|x86.Build.0 = Release|Win32
		{0F0B3E5A-807C-4EE9-B6F3-649931B5435E}.Debug|x64.ActiveCfg = Debug|x64
		{0F0B3E5A-807C-4EE9-B6F3-649931B5435E}.Debug|x64.Build.0 = Debug|x64
		{0F0B3E5A-807C-4EE9-B6F3-649931B5435E}.Debug|x86.ActiveCfg = Debug|Win32
		{0F0B3E5A-807C-4EE9-B6F3-649931B5435E}.Debug|x86.Build.0 = Debug|Win32
		{0F0B3E5A-807C-4EE9-B6F3-649931B5435E}.Release|x64.ActiveCfg = Release|x64
		{0F0B3E5A-807C-4EE9-B6F3-649931B5435E}.Release|x64.Build.0 = Release|x64
		{0F0B3E5A-807C-4EE9-B6F3-649931B5435E}.Release|x86.ActiveCfg = Release|Win32
		{0F0B3E5A-807C-4EE9-B6F3-649931B5435E}.Release|x86.Build.0 = Release|Win32
		{3527D136-AF9F-417E-A0D3-44EE57B530A3}.Debug|x64.ActiveCfg = Debug|x64
		{3527D136-AF9F-417E-A0D3-44EE57B530A3}.Debug|x64.Build.0 = Debug|x64
		{3527D136-AF9F-417E-A0D3-44EE57B530A3}.Debug|x86.ActiveCfg = Debug|Win32
		{3527D136-AF9F-417E-A0D3-44EE57B530A3}.Debug|x86.Build.0 = Debug|Win32
		{3527D136-AF9F-417E-A0D3-44EE57B530A3}.Release|x64.ActiveCfg = Release|x64
		{3527D136-AF9F-417E-A0D3-44EE57B530A3}.Release|x64.Build.0 = Release|x64
		{3527D136-AF9F-417E-A0D3-44EE57B530A3}.Release|x86.ActiveCfg = Release|Win32
		{3527D136-AF9F-417E-A0D3-44EE57B530A3}.Release|x86.Build.0 = Release|Win32
		{CDBF59EE-3D7A-4D80-8C5C-F75CFD0F18A6}.Debug|x64.ActiveCfg = Debug|x64
		{CDBF59EE-3D7A-4D80-8C5C-F75CFD0F18A6}.Debug|x64.Build.0 = Debug|x64
		{CDBF59EE-3D7A-4D80-8C5C-F75CFD0F18A6}.Debug|x86.ActiveCfg = Debug|Win32
		{CDBF59EE-3D7A-4D80-8C5C-F75CFD0F18A6}.Debug|x86.Build.0 = Debug|Win32
		{CDBF59EE-3D7A-4D80-8C5C-F75CFD0F18A6}.Release|x64.ActiveCfg = Release|x64
		{CDBF59EE-3D7A-4D80-8C5C-F75CFD0F18A6}.Release|x64.Build.0 = Release|x64
		{CDBF59EE-3D7A-4D80-8C5C-F75CFD0F18A6}.Release|x86.ActiveCfg = Release|Win32
		{CDBF59EE-3D7A-4D80-8C5C-F75CFD0F18A6}.Release|x86.Build.0 = Release|Win32
		{16E7B023-A92D-441B-AC89-CBEC6FE6193E}.Debug|x64.ActiveCfg = Debug|x64
		{16E7B023-A92D-441B-AC89-CBEC6FE6193E}.Debug|x64.Build.0 = Debug|x64
		{16E7B023-A92D-441B-AC89-CBEC6FE6193E}.Debug|x86.ActiveCfg = Debug|Win32
		{16E7B023-A92D-441B-AC89-CBEC6FE6193E}.Debug|x86.Build.0 = Debug|Win32
		{16E7B023-A92D-441B-AC89-CBEC6FE6193E}.Release|x64.ActiveCfg = Release|x64
		{16E7B023-A92D-441B-AC89-CBEC6FE6193E}.Release|x64.Build.0 = Release|x64
		{16E7B023-A92D-441B-AC89-CBEC6FE6193E}.Release|x86.ActiveCfg = Release|Win32
		{16E7B023-A92D-441B-AC89-CBEC6FE6193E}.Release|x86.Build.0 = Release|Win32
		{02DC0CE5-72DF-4F89-8AF2-FF9C0E351A1A}.Debug|x64.ActiveCfg = Debug|x64
		{02DC0CE5-72DF-4F89-8AF2-FF9C0E351A1A}.Debug|x64.Build.0 = Debug|x64
		{02DC0CE5-72DF-4F89-8AF2-FF9C0E351A1A}.Debug|x86.ActiveCfg = Debug|Win32
		{02DC0CE5-72DF-4F89-8AF2-FF9C0E351A1A}.Debug|x86.Build.0 = Debug|Win32
		{02DC0CE5-72DF-4F89-8AF2-FF9C0E351A1A}.Release|x64.ActiveCfg = Release|x64
		{02DC0CE5-72DF-4F89-8AF2-FF9C0E351A1A}.Release|x64.Build.0 = Release|x64
		{02DC0CE5-72DF-4F89-8AF2-FF9C0E351A1A}.Release|x86.ActiveCfg = Release|Win32
		{02DC0CE5-72DF-4F89-8AF2-FF9C0E351A1A}.Release|x86.Build.0 = Release|Win32
		{2F723027-3B40-4053-9D04-007326B82DB7}.Debug|x64.ActiveCfg = Debug|x64
		{2F723027-3B40-4053-9D04-007326B82DB7}.Debug|x64.Build.0 = Debug|x64
		{2F723027-3B40-4053-9D04-007326B82DB7}.Debug|x86.ActiveCfg = Debug|Win32
		{2F723027-3B40-4053-9D04-007326B82DB7}.Debug|x86.Build.0 = Debug|Win32
		{2F723027-3B40-4053-9D04-007326B82DB7}.Release|x64.ActiveCfg = Release|x64
		{2F723027-3B40-4053-9D04-007326B82DB7}.Release|x64.Build.0 = Release|x64
		{2F723027-3B40-4053-9D04-007326B82DB7}.Release|x86.ActiveCfg = Release|Win32
		{2F723027-3B40-4053-9D04-007326B82DB7}.Release|x86.Build.0 = Release|Win32
		{10DA9DA5-24F4-4B90-8145-8A5CA5896F61}.Debug|x64.ActiveCfg = Debug|x64
		{10DA9DA5-24F4-4B90-8145-8A5CA5896F61}.Debug|x64.Build.0 = Debug|x64
		{10DA9DA5-24F4-4B90-8145-8A5CA5896F61}.Debug|x86.ActiveCfg = Debug|Win32
		{10DA9DA5-24F4-4B90-8145-8A5CA5896F61}.Debug|x86.Build.0 = Debug|Win32
		{10DA9DA5-24F4-4B90-8145-8A5CA5896F61}.Release|x64.ActiveCfg = Release|x64
		{10DA9DA5-24F4-4B90-8145-8A5CA5896F61}.Release|x64.Build.0 = Release|x64
		{10DA9DA5-24F4-4B90-8145-8A5CA5896F61}.Release|x86.ActiveCfg = Release|Win32
		{10DA9DA5-24F4-4B90-8145-8A5CA5896F61}.Release|x86.Build.0 = Release|Win32
		{DFFCDC60-A201-4842-A46D-080BD120C0BB}.Debug|x64.ActiveCfg = Debug|x64
		{DFFCDC60-A201-4842-A46D-080BD120C0BB}.Debug|x64.Build.0 = Debug|x64
		{DFFCDC60-A201-4842-A46D-080BD120C0BB}.Debug|x86.ActiveCfg = Debug|Win32
		{DFFCDC60-A201-4842-A46D-080BD120C0BB}.Debug|x86.Build.0 = Debug|Win32
		{DFFCDC60-A201-4842-A46D-080BD120C0BB}.Release|x64.ActiveCfg = Release|x64
		{DFFCDC60-A201-4842-A46D-080BD120C0BB}.Release|x64.Build.0 = Release|x64
		{DFFCDC60-A201-4842-A46D-080BD120C0BB}.Release|x86.ActiveCfg = Release|Win32
		{DFFCDC60-A201-4842-A46D-080BD120C0BB}.Release|x86.Build.0 = Release|Win32
		{60B36B5E-4398-4C96-8469-106C2A831338}.Debug|x64.ActiveCfg = Debug|x64
		{60B36B5E-4398-4C96-8469-106C2A831338}.Debug|x64.Build.0 = Debug|x64
		{60B36B5E-4398-4C96-8469-106C2A831338}.Debug|x86.ActiveCfg = Debug|Win32
		{60B36B5E-4398-4C96-8469-106C2A831338}.Debug|x86.Build.0 = Debug|Win32
		{60B36B5E-4398-4C96-8469-106C2A831338}.Release|x64.ActiveCfg = Release|x64
		{60B36B5E-4398-4C96-8469-106C2A831338}.Release|x64.Build.0 = Release|x64
		{60B36B5E-4398-4C96-8469-106C2A831338}.Release|x86.ActiveCfg = Release|Win32
		{60B36B5E-4398-4C96-8469-106C2A831338}.Release|x86.Build.0 = Release|Win32
		{EE6888D0-1C51-4835-AABB-D37C452542AD}.Debug|x64.ActiveCfg = Debug|x64
		{EE6888D0-1C51-4835-AABB-D37C452542AD}.Debug|x64.Build.0 = Debug|x64
		{EE6888D0-1C51-4835-AABB-D37C452542AD}.Debug|x86.ActiveCfg = Debug|Win32
		{EE6888D0-1C51-4835-AABB-D37C452542AD}.Debug|x86.Build.0 = Debug|Win32
		{EE6888D0-1C51-4835-AABB-D37C452542AD}.Release|x64.ActiveCfg = Release|x64
		{EE6888D0-1C51-4835-AABB-D37C452542AD}.Release|x64.Build.0 = Release|x64
		{EE6888D0-1C51-4835-AABB-D37C452542AD}.Release|x86.ActiveCfg = Release|Win32
		{EE6888D0-1C51-4835-AABB-D37C452542AD}.Release|x86.Build.0 = Release|Win32
		{DEE94F32-AC38-41CB-9B27-F78B9DC2773C}.Debug|x64.ActiveCfg = Debug|x64
		{DEE94F32-AC38-41CB-9B27-F78B9DC2773C}.Debug|x64.Build.0 = Debug|x64
		{DEE94F32-AC38-41CB-9B27-F78B9DC2773C}.Debug|x86.ActiveCfg = Debug|Win32
		{DEE94F32-AC38-41CB-9B27-F78B9DC2773C}.Debug|x86.Build.0 = Debug|Win32
		{DEE94F32-AC38-41CB-9B27-F78B9DC2773C}.Release|x64.ActiveCfg = Release|x64
		{DEE94F32-AC38-41CB-9B27-F78B9DC2773C}.Release|x64.Build.0 = Release|x64
		{DEE94F32-AC38-41CB-9B27-F78B9DC2773C}.Release|x86.ActiveCfg = Release|Win32
		{DEE94F32-AC38-41CB-9B27-F78B9DC2773C}.Release|x86.Build.0 = Release|Win32
		{DAFFF753-3247-4484-88AF-3410501E19D8}.Debug|x64.ActiveCfg = Debug|x64
		{DAFFF753-3247-4484-88AF-3410501E19D8}.Debug|x64.Build.0 = Debug|x64
		{DAFFF753-3247-4484-88AF-3410501E19D8}.Debug|x86.ActiveCfg = Debug|Win32
		{DAFFF753-3247-4484-88AF-3410501E19D8}.Debug|x86.Build.0 = Debug|Win32
		{DAFFF753-3247-4484-88AF-3410501E19D8}.Release|x64.ActiveCfg = Release|x64
		{DAFFF753-3247-4484-88AF-3410501E19D8}.Release|x64.Build.0 = Release|x64
		{DAFFF753-3247-4484-88AF-3410501E19D8}.Release|x86.ActiveCfg = Release|Win32
		{DAFFF753-3247-4484-88AF-3410501E19D8}.Release|x86.Build.0 = Release|Win32
		{5592C402-08AD-413F-969B-F1DB79F5829E}.Debug|x64.ActiveCfg = Debug|x64
		{5592C402-08AD-413F-969B-F1DB79F5829E}.Debug|x64.Build.0 = Debug|x64
		{5592C402-08AD-413F-969B-F1DB79F5829E}.Debug|x86.ActiveCfg = Debug|Win32
		{5592C402-08AD-413F-969B-F1DB79F5829E}.Debug|x86.Build.0 = Debug|Win32
		{5592C402-08AD-413F-969B-F1DB79F5829E}.Release|x64.ActiveCfg = Release|x64
		{5592C402-08AD-413F-969B-F1DB79F5829E}.Release|x64.Build.0 = Release|x64
		{5592C402-08AD-413F-969B-F1DB79F5829E}.Release|x86.ActiveCfg = Release|Win32
		{5592C402-08AD-413F-969B-F1DB79F5829E}.Release|x86.Build.0 = Release|Win32
		{42E9BE55-76AA-4F18-99F6-48A032BF37F3}.Debug|x64.ActiveCfg = Debug|x64
		{42E9BE55-76AA-4F18-99F6-48A032BF37F3}.Debug|x64.Build.0 = Debug|x64
		{42E9BE55-76AA-4F18-99F6-48A032BF37F3}.Debug|x86.ActiveCfg = Debug|Win32
		{42E9BE55-76AA-4F18-99F6-48A032BF37F3}.Debug|x86.Build.0 = Debug|Win32
		{42E9BE55-76AA-4F18-99F6-48A032BF37F3}.Release|x64.ActiveCfg = Release|x64
		{42E9BE55-76AA-4F18-99F6-48A032BF37F3}.Release|x64.Build.0 = Release|x64
		{42E9BE55-76AA-4F18-99F6-48A032BF37F3}.Release|x86.ActiveCfg = Release|Win32
		{42E9BE55-76AA-4F18-99F6-48A032BF37F3}.Release|x86.Build.0 = Release|Win32
		{0B281B5A-0012-4AA6-9B9B-57F5508ADE02}.Debug|x64.ActiveCfg = Debug|x64
		{0B281B5A-0012-4AA6-9B9B-57F5508ADE02}.Debug|x64.Build.0 = Debug|x64
		{0B281B5A-0012-4AA6-9B9B-57F5508ADE02}.Debug|x86.ActiveCfg = Debug|Win32
		{0B281B5A-0012-4AA6-9B9B-57F5508ADE02}.Debug|x86.Build.0 = Debug|Win32
		{0B281B5A-0012-4AA6-9B9B-57F5508ADE02}.Release|x64.ActiveCfg = Release|x64
		{0B281B5A-0012-4AA6-9B9B-57F5508ADE02}.Release|x64.Build.0 = Release|x64
		{0B281B5A-0012-4AA6-9B9B-57F5508ADE02}.Release|x86.ActiveCfg = Release|Win32
		{0B281B5A-0012-4AA6-9B9B-57F5508ADE02}.Release|x86.Build.0 = Release|Win32
		{1B699221-56B8-478A-A471-2A3BCEA88A8A}.Debug|x64.ActiveCfg = Debug|x64
		{1B699221-56B8-478A-A471-2A3BCEA88A8A}.Debug|x64.Build.0 = Debug|x64
		{1B699221-56B8-478A-A471-2A3BCEA88A8A}.Debug|x86.ActiveCfg = Debug|Win32
		{1B699221-56B8-478A-A471-2A3BCEA88A8A}.Debug|x86.Build.0 = Debug|Win32
		{1B699221-56B8-478A-A471-2A3BCEA88A8A}.Release|x64.ActiveCfg = Release|x64
		{1B699221-56B8-478A-A471-2A3BCEA88A8A}.Release|x64.Build.0 = Release|x64
		{1B699221-56B8-478A-A471-2A3BCEA88A8A}.Release|x86.ActiveCfg = Release|Win32
		{1B699221-56B8-478A-A471-2A3BCEA88A8A}.Release|x86.Build.0 = Release|Win32
		{0FFCA675-6B1D-4C7F-A866-AC1B6CA116E0}.Debug|x64.ActiveCfg = Debug|x64
		{0FFCA675-6B1D-4C7F-A866-AC1B6CA116E0}.Debug|x64.Build.0 = Debug|x64
		{0FFCA675-6B1D-4C7F-A866-AC1B6CA116E0}.Debug|x86.ActiveCfg = Debug|Win32
		{0FFCA675-6B1D-4C7F-A866-AC1B6CA116E0}.Debug|x86.Build.0 = Debug|Win32
		{0FFCA675-6B1D-4C7F-A866-AC1B6CA116E0}.Release|x64.ActiveCfg = Release|x64
		{0FFCA675-6B1D-4C7F-A866-AC1B6CA116E0}.Release|x64.Build.0 = Release|x64
		{0FFCA675-6B1D-4C7F-A866-AC1B6CA116E0}.Release|x86.ActiveCfg = Release|Win32
		{0FFCA675-6B1D-4C7F-A866-AC1B6CA116E0}.Release|x86.Build.0 = Release|Win32
		{75234C4D-728E-470F-88D2-58139F3039AE}.Debug|x64.ActiveCfg = Debug|x64
		{75234C4D-728E-470F-88D2-58139F3039AE}.Debug|x64.Build.0 = Debug|x64
		{75234C4D-728E-470F-88D2-58139F3039AE}.Debug|x86.ActiveCfg = Debug|Win32
		{75234C4D-728E-470F-88D2-58139F3039AE}.Debug|x86.Build.0 = Debug|Win32
		{75234C4D-728E-470F-88D2-58139F3039AE}.Release|x64.ActiveCfg = Release|x64
		{75234C4D-728E-470F-88D2-58139F3039AE}.Release|x64.Build.0 = Release|x64
		{75234C4D-728E-470F-88D2-58139F3039AE}.Release|x86.ActiveCfg = Release|Win32
		{75234C4D-728E-470F-88D2-58139F3039AE}.Release|x86.Build.0 = Release|Win32
		{40ABC4C4-3DFE-43B1-999A-699AF7A41AD6}.Debug|x64.ActiveCfg = Debug|x64
		{40ABC4C4-3DFE-43B1-999A-699AF7A41AD6}.Debug|x64.Build.0 = Debug|x64
		{40ABC4C4-3DFE-43B1-999A-699AF7A41AD6}.Debug|x86.ActiveCfg = Debug|Win32
		{40ABC4C4-3DFE-43B1-999A-699AF7A41AD6}.Debug|x86.Build.0 = Debug|Win32
		{40ABC4C4-3DFE-43B1-999A-699AF7A41AD6}.Release|x64.ActiveCfg = Release|x64
		{40ABC4C4-3DFE-43B1-999A-699AF7A41AD6}.Release|x64.Build.0 = Release|x64
		{40ABC4C4-3DFE-43B1-999A-699AF7A41AD6}.Release|x86.ActiveCfg = Release|Win32
		{40ABC4C4-3DFE-43B1-999A-699AF7A41AD6}.Release|x86.Build.0 = Release|Win32
		{56A7A5E0-3047-46DB-BD11-F1748B155C7D}.Debug|x64.ActiveCfg = Debug|x64
		{56A7A5E0-3047-46DB-BD11-F1748B155C7D}.Debug|x64.Build.0 = Debug|x64
		{56A7A5E0-3047-46DB-BD11-F1748B155C7D}.Debug|x86.ActiveCfg = Debug|Win32
		{56A7A5E0-3047-46DB-BD11-F1748B155C7D}.Debug|x86.Build.0 = Debug|Win32
		{56A7A5E0-3047-46DB-BD11-F1748B155C7D}.Release|x64.ActiveCfg = Release|x64
		{56A7A5E0-3047-46DB-BD11-F1748B155C7D}.Release|x64.Build.0 = Release|x64
		{56A7A5E0-3047-46DB-BD11-F1748B155C7D}.Release|x86.ActiveCfg = Release|Win32
		{56A7A5E0-3047-46DB-BD11-F1748B155C7D}.Release|x86.Build.0 = Release|Win32
		{1F07E08B-3D80-4DBE-AC63-BEFDF0539EB6}.Debug|x64.ActiveCfg = Debug|x64
		{1F07E08B-3D80-4DBE-AC63-BEFDF0539EB6}.Debug|x64.Build.0 = Debug|x64
		{1F07E08B-3D80-4DBE-AC63-BEFDF0539EB6}.Debug|x86.ActiveCfg = Debug|Win32
		{1F07E08B-3D80-4DBE-AC63-BEFDF0539EB6}.Debug|x86.Build.0 = Debug|Win32
		{1F07E08B-3D80-4DBE-AC63-BEFDF0539EB6}.Release|x64.ActiveCfg = Release|x64
		{1F07E08B-3D80-4DBE-AC63-BEFDF0539EB6}.Release|x64.Build.0 = Release|x64
		{1F07E08B-3D80-4DBE-AC63-BEFDF0539EB6}.Release|x86.ActiveCfg = Release|Win32
		{1F07E08B-3D80-4DBE-AC63-BEFDF0539EB6}.Release|x86.Build.0 = Release|Win32
		{132EC298-0798-4085-A3BC-AD6F535BE64E}.Debug|x64.ActiveCfg = Debug|x64
		{132EC298-0798-4085-A3BC-AD6F535BE64E}.Debug|x64.Build.0 = Debug|x64
		{132EC298-0798-4085-A3BC-AD6F535BE64E}.Debug|x86.ActiveCfg = Debug|Win32
		{132EC298-0798-4085-A3BC-AD6F535BE64E}.Debug|x86.Build.0 = Debug|Win32
		{132EC298-0798-4085-A3BC-AD6F535BE64E}.Release|x64.ActiveCfg = Release|x64
		{132EC298-0798-4085-A3BC-AD6F535BE64E}.Release|x64.Build.0 = Release|x64
		{132EC298-0798-4085-A3BC-AD6F535BE64E}.Release|x86.ActiveCfg = Release|Win32
		{132EC298-0798-4085-A3BC-AD6F535BE64E}.Release|x86.Build.0 = Release|Win32
		{BEE54214-C78E-41DB-94A8-CD62CD9C8F02}.Debug|x64.ActiveCfg = Debug|x64
		{BEE54214-C78E-41DB-94A8-CD62CD9C8F02}.Debug|x64.Build.0 = Debug|x64
		{BEE54214-C78E-41DB-94A8-CD62CD9C8F02}.Debug|x86.ActiveCfg = Debug|Win32
		{BEE54214-C78E-41DB-94A8-CD62CD9C8F02}.Debug|x86.Build.0 = Debug|Win32
		{BEE54214-C78E-41DB-94A8-CD62CD9C8F02}.Release|x64.ActiveCfg = Release|x64
		{BEE54214-C78E-41DB-94A8-CD62CD9C8F02}.Release|x64.Build.0 = Release|x64
		{BEE54214-C78E-41DB-94A8-CD62CD9C8F02}.Release|x86.ActiveCfg = Release|Win32
		{BEE54214-C78E-41DB-94A8-CD62CD9C8F02}.Release|x86.Build.0 = Release|Win32
		{49D7E7E3-3E12-43AE-A695-07D8871C864D}.Debug|x64.ActiveCfg = Debug|x64
		{49D7E7E3-3E12-43AE-A695-07D8871C864D}.Debug|x64.Build.0 = Debug|x64
		{49D7E7E3-3E12-43AE-A695-07D8871C864D}.Debug|x86.ActiveCfg = Debug|Win32
		{49D7E7E3-3E12-43AE-A695-07D8871C864D}.Debug|x86.Build.0 = Debug|Win32
		{49D7E7E3-3E12-43AE-A695-07D8871C864D}.Release|x64.ActiveCfg = Release|x64
		{49D7E7E3-3E12-43AE-A695-07D8871C864D}.Release|x64.Build.0 = Release|x64
		{49D7E7E3-3E12-43AE-A695-07D8871C864D}.Release|x86.ActiveCfg = Release|Win32
		{49D7E7E3-3E12-43AE-A695-07D8871C864D}.Release|x86.Build.0 = Release|Win32
		{FE33C521-B5E6-45A5-8777-585CD167B654}.Debug|x64.ActiveCfg = Debug|x64
		{FE33C521-B5E6-45A5-8777-585CD167B654}.Debug|x64.Build.0 = Debug|x64
		{FE33C521-B5E6-45A5-8777-585CD167B654}.Debug|x86.ActiveCfg = Debug|Win32
		{FE33C521-B5E6-45A5-8777-585CD167B654}.Debug|x86.Build.0 = Debug|Win32
		{FE33C521-B5E6-45A5-8777-585CD167B654}.Release|x64.ActiveCfg = Release|x64
		{FE33C521-B5E6-45A5-8777-585CD167B654}.Release|x64.Build.0 = Release|x64
		{FE33C521-B5E6-45A5-8777-585CD167B654}.Release|x86.ActiveCfg = Release|Win32
		{FE33C521-B5E6-45A5-8777-585CD167B654}.Release|x86.Build.0 = Release|Win32
		{F89BFC1F-B47D-4F62-9356-F3392E1F06BE}.Debug|x64.ActiveCfg = Debug|x64
		{F89BFC1F-B47D-4F62-9356-F3392E1F06BE}.Debug|x64.Build.0 = Debug|x64
		{F89BFC1F-B47D-4F62-9356-F3392E1F06BE}.Debug|x86.ActiveCfg = Debug|Win32
		{F89BFC1F-B47D-4F62-9356-F3392E1F06BE}.Debug|x86.Build.0 = Debug|Win32
		{F89BFC1F-B47D-4F62-9356-F3392E1F06BE}.Release|x64.ActiveCfg = Release|x64
		{F89BFC1F-B47D-4F62-9356-F3392E1F06BE}.Release|x64.Build.0 = Release|x64
		{F89BFC1F-B47D-4F62-9356-F3392E1F06BE}.Release|x86.ActiveCfg = Release|Win32
		{F89BFC1F-B47D-4F62-9356-F3392E1F06BE}.Release|x86.Build.0 = Release|Win32
		{CF09D5A4-24E8-4E43-A629-3FB8A1385C80}.Debug|x64.ActiveCfg = Debug|x64
		{CF09D5A4-24E8-4E43-A629-3FB8A1385C80}.Debug|x64.Build.0 = Debug|x64
		{CF09D5A4-24E8-4E43-A629-3FB8A1385C80}.Debug|x86.ActiveCfg = Debug|Win32
		{CF09D5A4-24E8-4E43-A629-3FB8A1385C80}.Debug|x86.Build.0 = Debug|Win32
		{CF09D5A4-24E8-4E43-A629-3FB8A1385C80}.Release|x64.ActiveCfg = Release|x64
		{CF09D5A4-24E8-4E43-A629-3FB8A1385C80}.Release|x64.Build.0 = Release|x64
		{CF09D5A4-24E8-4E43-A629-3FB8A1385C80}.Release|x86.ActiveCfg = Release|Win32
		{CF09D5A4-24E8-4E43-A629-3FB8A1385C80}.Release|x86.Build.0 = Release|Win32
		{AB7C682D-D6FC-4694-89C7-5A8DB7C1BDFF}.Debug|x64.ActiveCfg = Debug|x64
		{AB7C682D-D6FC-4694-89C7-5A8DB7C1BDFF}.Debug|x64.Build.0 = Debug|x64
		{AB7C682D-D6FC-4694-89C7-5A8DB7C1BDFF}.Debug|x86.ActiveCfg = Debug|Win32
		{AB7C682D-D6FC-4694-89C7-5A8DB7C1BDFF}.Debug|x86.Build.0 = Debug|Win32
		{AB7C682D-D6FC-4694-89C7-5A8DB7C1BDFF}.Release|x64.ActiveCfg = Release|x64
		{AB7C682D-D6FC-4694-89C7-5A8DB7C1BDFF}.Release|x64.Build.0 = Release|x64
		{AB7C682D-D6FC-4694-89C7-5A8DB7C1BDFF}.Release|x86.ActiveCfg = Release|Win32
		{AB7C682D-D6FC-4694-89C7-5A8DB7C1BDFF}.Release|x86.Build.0 = Release|Win32
		{9D6B5BEA-5AA9-4C94-A8D9-A9DEF9B9F3BD}.Debug|x64.ActiveCfg = Debug|x64
		{9D6B5BEA-5AA9-4C94-A8D9-A9DEF9B9F3BD}.Debug|x64.Build.0 = Debug|x64
		{9D6B5BEA-5AA9-4C94-A8D9-A9DEF9B9F3BD}.Debug|x86.ActiveCfg = Debug|Win32
		{9D6B5BEA-5AA9-4C94-A8D9-A9DEF9B9F3BD}.Debug|x86.Build.0 = Debug|Win32
		{9D6B5BEA-5AA9-4C94-A8D9-A9DEF9B9F3BD}.Release|x64.ActiveCfg = Release|x64
		{9D6B5BEA-5AA9-4C94-A8D9-A9DEF9B9F3BD}.Release|x64.Build.0 = Release|x64
		{9D6B5BEA-5AA9-4C94-A8D9-A9DEF9B9F3BD}.Release|x86.ActiveCfg = Release|Win32
		{9D6B5BEA-5AA9-4C94-A8D9-A9DEF9B9F3BD}.Release|x86.Build.0 = Release|Win32
		{A71B7B7B-22D5-4E8B-90C4-AB71D96F9AEF}.Debug|x64.ActiveCfg = Debug|x64
		{A71B7B7B-22D5-4E8B-90C4-AB71D96F9AEF}.Debug|x64.Build.0 = Debug|x64
		{A71B7B7B-22D5-4E8B-90C4-AB71D96F9AEF}.Debug|x86.ActiveCfg = Debug|Win32
		{A71B7B7B-22D5-4E8B-90C4-AB71D96F9AEF}.Debug|x86.Build.0 = Debug|Win32
		{A71B7B7B-22D5-4E8B-90C4-AB71D96F9AEF}.Release|x64.ActiveCfg = Release|x64
		{A71B7B7B-22D5-4E8B-90C4-AB71D96F9AEF}.Release|x64.Build.0 = Release|x64
		{A71B7B7B-22D5-4E8B-90C4-AB71D96F9AEF}.Release|x86.ActiveCfg = Release|Win32
		{A71B7B7B-22D5-4E8B-90C4-AB71D96F9AEF}.Release|x86.Build.0 = Release|Win32
		{AF1B319A-C633-448D-B305-494D79DECA24}.Debug|x64.ActiveCfg = Debug|x64
		{AF1B319A-C633-448D-B305-494D79DECA24}.Debug|x64.Build.0 = Debug|x64
		{AF1B319A-C633-448D-B305-494D79DECA24}.Debug|x86.ActiveCfg = Debug|Win32
		{AF1B319A-C633-448D-B305-494D79DECA24}.Debug|x86.Build.0 = Debug|Win32
		{AF1B319A-C633-448D-B305-494D79DECA24}.Release|x64.ActiveCfg = Release|x64
		{AF1B319A-C633-448D-B305-494D79DECA24}.Release|x64.Build.0 = Release|x64
		{AF1B319A-C633-448D-B305-494D79DECA24}.Release|x86.ActiveCfg = Release|Win32
		{AF1B319A-C633-448D-B305-494D79DECA24}.Release|x86.Build.0 = Release|Win32
		{6000949B-D894-4174-8FB7-CE2E61F9029C}.Debug|x64.ActiveCfg = Debug|x64
		{6000949B-D894-4174-8FB7-CE2E61F9029C}.Debug|x64.Build.0 = Debug|x64
		{6000949B-D894-4174-8FB7-CE2E61F9029C}.Debug|x86.ActiveCfg = Debug|Win32
		{6000949B-D894-4174-8FB7-CE2E61F9029C}.Debug|x86.Build.0 = Debug|Win32
		{6000949B-D894-4174-8FB7-CE2E61F9029C}.Release|x64.ActiveCfg = Release|x64
		{6000949B-D894-4174-8FB7-CE2E61F9029C}.Release|x64.Build.0 = Release|x64
		{6000949B-D894-4174-8FB7-CE2E61F9029C}.Release|x86.ActiveCfg = Release|Win32
		{6000949B-D894-4174-8FB7-CE2E61F9029C}.Release|x86.Build.0 = Release|Win32
		{BB7F501E-D813-460B-A222-87B75BEDD654}.Debug|x64.ActiveCfg = Debug|x64
		{BB7F501E-D813-460B-A222-87B75BEDD654}.Debug|x64.Build.0 = Debug|x64
		{BB7F501E-D813-460B-A222-87B75BEDD654}.Debug|x86.ActiveCfg = Debug|Win32
		{BB7F501E-D813-460B-A222-87B75BEDD654}.Debug|x86.Build.0 = Debug|Win32
		{BB7F501E-D813-460B-A222-87B75BEDD654}.Release|x64.ActiveCfg = Release|x64
		{BB7F501E-D813-460B-A222-87B75BEDD654}.Release|x64.Build.0 = Release|x64
		{BB7F501E-D813-460B-A222-87B75BEDD654}.Release|x86.ActiveCfg = Release|Win32
		{BB7F501E-D813-460B-A222-87B75BEDD654}.Release|x86.Build.0 = Release|Win32
		{A999840D-7243-45B8-8C50-395BC5A96429}.Debug|x64.ActiveCfg = Debug|x64
		{A999840D-7243-45B8-8C50-395BC5A96429}.Debug|x64.Build.0 = Debug|x64
		{A999840D-7243-45B8-8C50-395BC5A96429}.Debug|x86.ActiveCfg = Debug|Win32
		{A999840D-7243-45B8-8C50-395BC5A96429}.Debug|x86.Build.0 = Debug|Win32
		{A999840D-7243-45B8-8C50-395BC5A96429}.Release|x64.ActiveCfg = Release|x64
		{A999840D-7243-45B8-8C50-395BC5A96429}.Release|x64.Build.0 = Release|x64
		{A999840D-7243-45B8-8C50-395BC5A96429}.Release|x86.ActiveCfg = Release|Win32
		{A999840D-7243-45B8-8C50-395BC5A96429}.Release|x86.Build.0 = Release|Win32
		{1B7FB12B-2CDD-4334-8F7C-71D949DA1ABB}.Debug|x64.ActiveCfg = Debug|x64
		{1B7FB12B-2CDD-4334-8F7C-71D949DA1ABB}.Debug|x64.Build.0 = Debug|x64
		{1B7FB12B-2CDD-4334-8F7C-71D949DA1ABB}.Debug|x86.ActiveCfg = Debug|Win32
		{1B7FB12B-2CDD-4334-8F7C-71D949DA1ABB}.Debug|x86.Build.0 = Debug|Win32
		{1B7FB12B-2CDD-4334-8F7C-71D949DA1ABB}.Release|x64.ActiveCfg = Release|x64
		{1B7FB12B-2CDD-4334-8F7C-71D949DA1ABB}.Release|x64.Build.0 = Release|x64
		{1B7FB12B-2CDD-4334-8F7C-71D949DA1ABB}.Release|x86.ActiveCfg = Release|Win32
		{1B7FB12B-2CDD-4334-8F7C-71D949DA1ABB}.Release|x86.Build.0 = Release|Win32
		{81554B70-A5BA-4CDB-8C36-86F434C4DFB3}.Debug|x64.ActiveCfg = Debug|x64
		{81554B70-A5BA-4CDB-8C36-86F434C4DFB3}.Debug|x64.Build.0 = Debug|x64
		{81554B70-A5BA-4CDB-8C36-86F434C4DFB3}.Debug|x86.ActiveCfg = Debug|Win32
		{81554B70-A5BA-4CDB-8C36-86F434C4DFB3}.Debug|x86.Build.0 = Debug|Win32
		{81554B70-A5BA-4CDB-8C36-86F434C4DFB3}.Release|x64.ActiveCfg = Release|x64
		{81554B70-A5BA-4CDB-8C36-86F434C4DFB3}.Release|x64.Build.0 = Release|x64
		{81554B70-A5BA-4CDB-8C36-86F434C4DFB3}.Release|x86.ActiveCfg = Release|Win32
		{81554B70-A5BA-4CDB-8C36-86F434C4DFB3}.Release|x86.Build.0 = Release|Win32
		{200A0121-66E5-415E-A3FF-572CB0189435}.Debug|x64.ActiveCfg = Debug|x64
		{200A0121-66E5-415E-A3FF-572CB0189435}.Debug|x64.Build.0 = Debug|x64
		{200A0121-66E5-415E-A3FF-572CB0189435}.Debug|x86.ActiveCfg = Debug|Win32
		{200A0121-66E5-415E-A3FF-572CB0189435}.Debug|x86.Build.0 = Debug|Win32
		{200A0121-66E5-415E-A3FF-572CB0189435}.Release|x64.ActiveCfg = Release|x64
		{200A0121-66E5-415E-A3FF-572CB0189435}.Release|x64.Build.0 = Release|x64
		{200A0121-66E5-415E-A3FF-572CB0189435}.Release|x86.ActiveCfg = Release|Win32
		{200A0121-66E5-415E-A3FF-572CB0189435}.Release|x86.Build.0 = Release|Win32
		{0F32B805-8199-42A9-8E4C-C3BDF8D12ABE}.Debug|x64.ActiveCfg = Debug|x64
		{0F32B805-8199-42A9-8E4C-C3BDF8D12ABE}.Debug|x64.Build.0 = Debug|x64
		{0F32B805-8199-42A9-8E4C-C3BDF8D12ABE}.Debug|x86.ActiveCfg = Debug|Win32
		{0F32B805-8199-42A9-8E4C-C3BDF8D12ABE}.Debug|x86.Build.0 = Debug|Win32
		{0F32B805-8199-42A9-8E4C-C3BDF8D12ABE}.Release|x64.ActiveCfg = Release|x64
		{0F32B805-8199-42A9-8E4C-C3BDF8D12ABE}.Release|x64.Build.0 = Release|x64
		{0F32B805-8199-42A9-8E4C-C3BDF8D12ABE}.Release|x86.ActiveCfg = Release|Win32
		{0F32B805-8199-42A9-8E4C-C3BDF8D12ABE}.Release|x86.Build.0 = Release|Win32
		{A747F6C5-819C-4743-8DF6-E4F10E04CEFA}.Debug|x64.ActiveCfg = Debug|x64
		{A747F6C5-819C-4743-8DF6-E4F10E04CEFA}.Debug|x64.Build.0 = Debug|x64
		{A747F6C5-819C-4743-8DF6-E4F10E04CEFA}.Debug|x86.ActiveCfg = Debug|Win32
		{A747F6C5-819C-4743-8DF6-E4F10E04CEFA}.Debug|x86.Build.0 = Debug|Win32
		{A747F6C5-819C-4743-8DF6-E4F10E04CEFA}.Release|x64.ActiveCfg = Release|x64
		{A747F6C5-819C-4743-8DF6-E4F10E04CEFA}.Release|x64.Build.0 = Release|x64
		{A747F6C5-819C-4743-8DF6-E4F10E04CEFA}.Release|x86.ActiveCfg = Release|Win32
		{A747F6C5-819C-4743-8DF6-E4F10E04CEFA}.Release|x86.Build.0 = Release|Win32
		{ADB54C2D-4FCD-464C-A07A-D46062149F2B}.Debug|x64.ActiveCfg = Debug|x64
		{ADB54C2D-4FCD-464C-A07A-D46062149F2B}.Debug|x64.Build.0 = Debug|x64
		{ADB54C2D-4FCD-464C-A07A-D46062149F2B}.Debug|x86.ActiveCfg = Debug|Win32
		{ADB54C2D-4FCD-464C-A07A-D46062149F2B}.Debug|x86.Build.0 = Debug|Win32
		{ADB54C2D-4FCD-464C-A07A-D46062149F2B}.Release|x64.ActiveCfg = Release|x64
		{ADB54C2D-4FCD-464C-A07A-D46062149F2B}.Release|x64.Build.0 = Release|x64
		{ADB54C2D-4FCD-464C-A07A-D46062149F2B}.Release|x86.ActiveCfg = Release|Win32
		{ADB54C2D-4FCD-464C-A07A-D46062149F2B}.Release|x86.Build.0 = Release|Win32
		{E44A6DEB-78CD-48CE-80AD-95B257B9D543}.Debug|x64.ActiveCfg = Debug|x64
		{E44A6DEB-78CD-48CE-80AD-95B257B9D543}.Debug|x64.Build.0 = Debug|x64
		{E44A6DEB-78CD-48CE-80AD-95B257B9D543}.Debug|x86.ActiveCfg = Debug|Win32
		{E44A6DEB-78CD-48CE-80AD-95B257B9D543}.Debug|x86.Build.0 = Debug|Win32
		{E44A6DEB-78CD-48CE-80AD-95B257B9D543}.Release|x64.ActiveCfg = Release|x64
		{E44A6DEB-78CD-48CE-80AD-95B257B9D543}.Release|x64.Build.0 = Release|x64
		{E44A6DEB-78CD-48CE-80AD-95B257B9D543}.Release|x86.ActiveCfg = Release|Win32
		{E44A6DEB-78CD-48CE-80AD-95B257B9D543}.Release|x86.Build.0 = Release|Win32
		{586ACEF9-88EB-4D40-BC2C-4E36C537FD6C}.Debug|x64.ActiveCfg = Debug|x64
		{586ACEF9-88EB-4D40-BC2C-4E36C537FD6C}.Debug|x64.Build.0 = Debug|x64
		{586ACEF9-88EB-4D40-BC2C-4E36C537FD6C}.Debug|x86.ActiveCfg = Debug|Win32
		{586ACEF9-88EB-4D40-BC2C-4E36C537FD6C}.Debug|x86.Build.0 = Debug|Win32
		{586ACEF9-88EB-4D40-BC2C-4E36C537FD6C}.Release|x64.ActiveCfg = Release|x64
		{586ACEF9-88EB-4D40-BC2C-4E36C537FD6C}.Release|x64.Build.0 = Release|x64
		{586ACEF9-88EB-4D40-BC2C-4E36C537FD6C}.Release|x86.ActiveCfg = Release|Win32
		{586ACEF9-88EB-4D40-BC2C-4E36C537FD6C}.Release|x86.Build.0 = Release|Win32
		{D77DEBE1-8381-4FB4-9D8A-692EA07954ED}.Debug|x64.ActiveCfg = Debug|x64
		{D77DEBE1-8381-4FB4-9D8A-692EA07954ED}.Debug|x64.Build.0 = Debug|x64
		{D77DEBE1-8381-4FB4-9D8A-692EA07954ED}.Debug|x86.ActiveCfg = Debug|Win32
		{D77DEBE1-8381-4FB4-9D8A-692EA07954ED}.Debug|x86.Build.0 = Debug|Win32
		{D77DEBE1-8381-4FB4-9D8A-692EA07954ED}.Release|x64.ActiveCfg = Release|x64
		{D77DEBE1-8381-4FB4-9D8A-692EA07954ED}.Release|x64.Build.0 = Release|x64
		{D77DEBE1-8381-4FB4-9D8A-692EA07954ED}.Release|x86.ActiveCfg = Release|Win32
		{D77DEBE1-8381-4FB4-9D8A-692EA07954ED}.Release|x86.Build.0 = Release|Win32
	EndGlobalSection
	GlobalSection(SolutionProperties) = preSolution
		HideSolutionNode = FALSE
	EndGlobalSection
	GlobalSection(NestedProjects) = preSolution
		{8ADFFCEA-E814-46A9-A4B2-EA83833405AA} = {CA5548F2-64BC-4597-8C8A-FA3BC2F4C968}
		{E0B52AE7-E160-4D32-BF3F-910B785E5A8E} = {0ED66CBB-F8C6-41F1-96D3-C976DFEBCA74}
		{4F150A30-CECB-49D1-8283-6A3F57438CF5} = {0ED66CBB-F8C6-41F1-96D3-C976DFEBCA74}
		{7BBB1E3B-7B8C-4D5C-A875-A8F8872C399A} = {0ED66CBB-F8C6-41F1-96D3-C976DFEBCA74}
		{DC450781-FB53-4CD1-9740-B30214D41A9A} = {8ADFFCEA-E814-46A9-A4B2-EA83833405AA}
		{0F0B3E5A-807C-4EE9-B6F3-649931B5435E} = {3317CDF2-1404-4F36-827E-533319669E84}
		{3527D136-AF9F-417E-A0D3-44EE57B530A3} = {0542998C-1FD6-4C1D-94E5-E85527BC7B6E}
		{CDBF59EE-3D7A-4D80-8C5C-F75CFD0F18A6} = {0542998C-1FD6-4C1D-94E5-E85527BC7B6E}
		{16E7B023-A92D-441B-AC89-CBEC6FE6193E} = {0542998C-1FD6-4C1D-94E5-E85527BC7B6E}
		{02DC0CE5-72DF-4F89-8AF2-FF9C0E351A1A} = {0542998C-1FD6-4C1D-94E5-E85527BC7B6E}
		{2F723027-3B40-4053-9D04-007326B82DB7} = {0542998C-1FD6-4C1D-94E5-E85527BC7B6E}
		{10DA9DA5-24F4-4B90-8145-8A5CA5896F61} = {BBAD0A61-D571-4835-8D22-584A5F862662}
		{DFFCDC60-A201-4842-A46D-080BD120C0BB} = {91A0A45C-0FD7-4177-A88A-F036AB5AFA42}
		{60B36B5E-4398-4C96-8469-106C2A831338} = {9A8238AC-EDE1-4975-A3B4-518283728220}
		{EE6888D0-1C51-4835-AABB-D37C452542AD} = {9A8238AC-EDE1-4975-A3B4-518283728220}
		{DEE94F32-AC38-41CB-9B27-F78B9DC2773C} = {9A8238AC-EDE1-4975-A3B4-518283728220}
		{DAFFF753-3247-4484-88AF-3410501E19D8} = {9A8238AC-EDE1-4975-A3B4-518283728220}
		{5592C402-08AD-413F-969B-F1DB79F5829E} = {9A8238AC-EDE1-4975-A3B4-518283728220}
		{42E9BE55-76AA-4F18-99F6-48A032BF37F3} = {9A8238AC-EDE1-4975-A3B4-518283728220}
		{0B281B5A-0012-4AA6-9B9B-57F5508ADE02} = {9A8238AC-EDE1-4975-A3B4-518283728220}
		{1B699221-56B8-478A-A471-2A3BCEA88A8A} = {9A8238AC-EDE1-4975-A3B4-518283728220}
		{0FFCA675-6B1D-4C7F-A866-AC1B6CA116E0} = {9A8238AC-EDE1-4975-A3B4-518283728220}
		{75234C4D-728E-470F-88D2-58139F3039AE} = {B2382040-F447-4F04-B8D3-5CDAE31BFBAE}
		{40ABC4C4-3DFE-43B1-999A-699AF7A41AD6} = {B2382040-F447-4F04-B8D3-5CDAE31BFBAE}
		{56A7A5E0-3047-46DB-BD11-F1748B155C7D} = {B2382040-F447-4F04-B8D3-5CDAE31BFBAE}
		{1F07E08B-3D80-4DBE-AC63-BEFDF0539EB6} = {B2382040-F447-4F04-B8D3-5CDAE31BFBAE}
		{132EC298-0798-4085-A3BC-AD6F535BE64E} = {B2382040-F447-4F04-B8D3-5CDAE31BFBAE}
		{BEE54214-C78E-41DB-94A8-CD62CD9C8F02} = {B2382040-F447-4F04-B8D3-5CDAE31BFBAE}
		{49D7E7E3-3E12-43AE-A695-07D8871C864D} = {667C557D-C22F-4F1F-B05A-A834DAE8C298}
		{FE33C521-B5E6-45A5-8777-585CD167B654} = {667C557D-C22F-4F1F-B05A-A834DAE8C298}
		{F89BFC1F-B47D-4F62-9356-F3392E1F06BE} = {667C557D-C22F-4F1F-B05A-A834DAE8C298}
		{CF09D5A4-24E8-4E43-A629-3FB8A1385C80} = {667C557D-C22F-4F1F-B05A-A834DAE8C298}
		{AB7C682D-D6FC-4694-89C7-5A8DB7C1BDFF} = {667C557D-C22F-4F1F-B05A-A834DAE8C298}
		{9D6B5BEA-5AA9-4C94-A8D9-A9DEF9B9F3BD} = {667C557D-C22F-4F1F-B05A-A834DAE8C298}
		{A71B7B7B-22D5-4E8B-90C4-AB71D96F9AEF} = {C3E27AF0-81B6-498C-A9DD-0D26FF77FFE5}
		{AF1B319A-C633-448D-B305-494D79DECA24} = {C3E27AF0-81B6-498C-A9DD-0D26FF77FFE5}
		{6000949B-D894-4174-8FB7-CE2E61F9029C} = {C3E27AF0-81B6-498C-A9DD-0D26FF77FFE5}
		{BB7F501E-D813-460B-A222-87B75BEDD654} = {C3E27AF0-81B6-498C-A9DD-0D26FF77FFE5}
		{A999840D-7243-45B8-8C50-395BC5A96429} = {0542998C-1FD6-4C1D-94E5-E85527BC7B6E}
		{1B7FB12B-2CDD-4334-8F7C-71D949DA1ABB} = {C3E27AF0-81B6-498C-A9DD-0D26FF77FFE5}
		{81554B70-A5BA-4CDB-8C36-86F434C4DFB3} = {0542998C-1FD6-4C1D-94E5-E85527BC7B6E}
		{200A0121-66E5-415E-A3FF-572CB0189435} = {91A0A45C-0FD7-4177-A88A-F036AB5AFA42}
		{0F32B805-8199-42A9-8E4C-C3BDF8D12ABE} = {91A0A45C-0FD7-4177-A88A-F036AB5AFA42}
		{A747F6C5-819C-4743-8DF6-E4F10E04CEFA} = {BBAD0A61-D571-4835-8D22-584A5F862662}
		{ADB54C2D-4FCD-464C-A07A-D46062149F2B} = {C3E27AF0-81B6-498C-A9DD-0D26FF77FFE5}
		{E44A6DEB-78CD-48CE-80AD-95B257B9D543} = {667C557D-C22F-4F1F-B05A-A834DAE8C298}
		{586ACEF9-88EB-4D40-BC2C-4E36C537FD6C} = {667C557D-C22F-4F1F-B05A-A834DAE8C298}
		{D77DEBE1-8381-4FB4-9D8A-692EA07954ED} = {667C557D-C22F-4F1F-B05A-A834DAE8C298}
	EndGlobalSection
	GlobalSection(ExtensibilityGlobals) = postSolution
		SolutionGuid = {D3560B8E-5A4A-41E6-8D6D-E2487FB559A5}
	EndGlobalSection
EndGlobal
