<?xml version="1.0" encoding="utf-8"?>
<Project ToolsVersion="4.0" xmlns="http://schemas.microsoft.com/developer/msbuild/2003">
  <ItemGroup>
    <Filter Include="Inc">
      <UniqueIdentifier>{3a55608d-bfe5-4a6d-bdd6-eb1409f6b3ff}</UniqueIdentifier>
    </Filter>
    <Filter Include="Src">
      <UniqueIdentifier>{1a4f7689-3706-4292-9a0d-95e40d33546d}</UniqueIdentifier>
    </Filter>
    <Filter Include="Inc\App">
      <UniqueIdentifier>{683825ca-188a-4ea0-8547-e8b5a41269a8}</UniqueIdentifier>
    </Filter>
    <Filter Include="Inc\Components">
      <UniqueIdentifier>{6e939773-4643-4cc9-8b28-0cee43d5587a}</UniqueIdentifier>
    </Filter>
    <Filter Include="Src\App">
      <UniqueIdentifier>{dd33f0d8-ae58-4079-b3ad-9d767bdbee34}</UniqueIdentifier>
    </Filter>
    <Filter Include="Src\Components">
      <UniqueIdentifier>{4428c825-2b63-4b4a-8a02-37ea462e9ff6}</UniqueIdentifier>
    </Filter>
    <Filter Include="Inc\World">
      <UniqueIdentifier>{bf6d8363-c377-4891-b8e7-45f9a328979e}</UniqueIdentifier>
    </Filter>
    <Filter Include="Src\World">
      <UniqueIdentifier>{ab74608c-7705-46c9-9f75-163404f3f91b}</UniqueIdentifier>
    </Filter>
    <Filter Include="Src\Meta">
      <UniqueIdentifier>{9c677da9-29ff-4d76-8773-8b43a5be3e7c}</UniqueIdentifier>
    </Filter>
    <Filter Include="Inc\Editor">
      <UniqueIdentifier>{7eb9a75f-d642-4cf9-9b4e-2e2ff6402000}</UniqueIdentifier>
    </Filter>
    <Filter Include="Src\Editor">
      <UniqueIdentifier>{b31ceaf0-5746-43e8-a7fd-293c439484bc}</UniqueIdentifier>
    </Filter>
    <Filter Include="Inc\Terrain">
      <UniqueIdentifier>{891f5eec-5ee6-4ff9-adb8-54a07494cc1e}</UniqueIdentifier>
    </Filter>
    <Filter Include="Src\Terrain">
      <UniqueIdentifier>{e09180b7-474a-4ebc-9101-91a646a20ea9}</UniqueIdentifier>
    </Filter>
    <Filter Include="Inc\Services">
      <UniqueIdentifier>{de1a21cc-c3fc-4245-884a-f3694ca52953}</UniqueIdentifier>
    </Filter>
    <Filter Include="Src\Services">
      <UniqueIdentifier>{feef845a-b48b-4863-890d-94992653227d}</UniqueIdentifier>
    </Filter>
  </ItemGroup>
  <ItemGroup>
    <ClInclude Include="Inc\Common.h">
      <Filter>Inc</Filter>
    </ClInclude>
    <ClInclude Include="Inc\Coo.h">
      <Filter>Inc</Filter>
    </ClInclude>
    <ClInclude Include="Src\Precompiled.h">
      <Filter>Src</Filter>
    </ClInclude>
    <ClInclude Include="Inc\App.h">
      <Filter>Inc\App</Filter>
    </ClInclude>
    <ClInclude Include="Inc\AppState.h">
      <Filter>Inc\App</Filter>
    </ClInclude>
    <ClInclude Include="Inc\Component.h">
      <Filter>Inc\World</Filter>
    </ClInclude>
    <ClInclude Include="Inc\GameObject.h">
      <Filter>Inc\World</Filter>
    </ClInclude>
    <ClInclude Include="Inc\GameObjectFactory.h">
      <Filter>Inc\World</Filter>
    </ClInclude>
    <ClInclude Include="Inc\TransformComponent.h">
      <Filter>Inc\Components</Filter>
    </ClInclude>
    <ClInclude Include="Inc\ColliderComponent.h">
      <Filter>Inc\Components</Filter>
    </ClInclude>
    <ClInclude Include="Inc\World.h">
      <Filter>Inc\World</Filter>
    </ClInclude>
    <ClInclude Include="Src\MetaRegistration.h">
      <Filter>Src\Meta</Filter>
    </ClInclude>
    <ClInclude Include="Inc\Service.h">
      <Filter>Inc\World</Filter>
    </ClInclude>
    <ClInclude Include="Inc\Editor.h">
      <Filter>Inc\Editor</Filter>
    </ClInclude>
    <ClInclude Include="Inc\Terrain.h">
      <Filter>Inc\Terrain</Filter>
    </ClInclude>
    <ClInclude Include="Inc\Quadtree.h">
      <Filter>Inc\Terrain</Filter>
    </ClInclude>
    <ClInclude Include="Inc\TerrainService.h">
      <Filter>Inc\Services</Filter>
    </ClInclude>
    <ClInclude Include="Inc\CameraService.h">
      <Filter>Inc\Services</Filter>
    </ClInclude>
  </ItemGroup>
  <ItemGroup>
    <ClCompile Include="Src\Precompiled.cpp">
      <Filter>Src</Filter>
    </ClCompile>
    <ClCompile Include="Src\Coo.cpp">
      <Filter>Src</Filter>
    </ClCompile>
    <ClCompile Include="Src\App.cpp">
      <Filter>Src\App</Filter>
    </ClCompile>
    <ClCompile Include="Src\GameObject.cpp">
      <Filter>Src\World</Filter>
    </ClCompile>
    <ClCompile Include="Src\GameObjectFactory.cpp">
      <Filter>Src\World</Filter>
    </ClCompile>
    <ClCompile Include="Src\ColliderComponent.cpp">
      <Filter>Src\Components</Filter>
    </ClCompile>
    <ClCompile Include="Src\Component.cpp">
      <Filter>Src\World</Filter>
    </ClCompile>
    <ClCompile Include="Src\TransformComponent.cpp">
      <Filter>Src\Components</Filter>
    </ClCompile>
    <ClCompile Include="Src\World.cpp">
      <Filter>Src\World</Filter>
    </ClCompile>
    <ClCompile Include="Src\Service.cpp">
      <Filter>Src\World</Filter>
    </ClCompile>
    <ClCompile Include="Src\MetaRegistration.cpp">
      <Filter>Src\Meta</Filter>
    </ClCompile>
    <ClCompile Include="Src\Editor.cpp">
      <Filter>Src\Editor</Filter>
    </ClCompile>
    <ClCompile Include="Src\Quadtree.cpp">
      <Filter>Src\Terrain</Filter>
    </ClCompile>
    <ClCompile Include="Src\Terrain.cpp">
      <Filter>Src\Terrain</Filter>
    </ClCompile>
    <ClCompile Include="Src\TerrainService.cpp">
      <Filter>Src\Services</Filter>
    </ClCompile>
    <ClCompile Include="Src\CameraService.cpp">
      <Filter>Src\Services</Filter>
    </ClCompile>
  </ItemGroup>
</Project>