<?xml version="1.0" encoding="utf-8"?>
<Project ToolsVersion="4.0" xmlns="http://schemas.microsoft.com/developer/msbuild/2003">
  <ItemGroup>
    <ClCompile Include="Src\InputSystem.cpp">
      <Filter>Src</Filter>
    </ClCompile>
    <ClCompile Include="Src\Precompiled.cpp">
      <Filter>Src</Filter>
    </ClCompile>
  </ItemGroup>
  <ItemGroup>
    <ClInclude Include="Inc\Input.h">
      <Filter>Inc</Filter>
    </ClInclude>
    <ClInclude Include="Inc\InputSystem.h">
      <Filter>Inc</Filter>
    </ClInclude>
    <ClInclude Include="Inc\InputTypes.h">
      <Filter>Inc</Filter>
    </ClInclude>
    <ClInclude Include="Src\Precompiled.h">
      <Filter>Src</Filter>
    </ClInclude>
    <ClInclude Include="Inc\Common.h">
      <Filter>Inc</Filter>
    </ClInclude>
  </ItemGroup>
  <ItemGroup>
    <Filter Include="Src">
      <UniqueIdentifier>{7cdec008-1b1e-44a6-988b-92d7ed3d97d2}</UniqueIdentifier>
    </Filter>
    <Filter Include="Inc">
      <UniqueIdentifier>{0574b40e-8456-40ba-a6f4-67d57d7342f5}</UniqueIdentifier>
    </Filter>
  </ItemGroup>
</Project>